// !$*UTF8*$!
{
	archiveVersion = 1;
	classes = {
	};
	objectVersion = 46;
	objects = {

/* Begin PBXBuildFile section */
		132923131A3C0CDA000BA423 /* AppDelegate.swift in Sources */ = {isa = PBXBuildFile; fileRef = 132923121A3C0CDA000BA423 /* AppDelegate.swift */; };
		132923181A3C0CDA000BA423 /* Main.storyboard in Resources */ = {isa = PBXBuildFile; fileRef = 132923161A3C0CDA000BA423 /* Main.storyboard */; };
		1329231A1A3C0CDA000BA423 /* Images.xcassets in Resources */ = {isa = PBXBuildFile; fileRef = 132923191A3C0CDA000BA423 /* Images.xcassets */; };
		1329231D1A3C0CDA000BA423 /* LaunchScreen.xib in Resources */ = {isa = PBXBuildFile; fileRef = 1329231B1A3C0CDA000BA423 /* LaunchScreen.xib */; };
		132923291A3C0CDA000BA423 /* WavelengthTests.swift in Sources */ = {isa = PBXBuildFile; fileRef = 132923281A3C0CDA000BA423 /* WavelengthTests.swift */; };
		132923351A3C1582000BA423 /* Bolts.framework in Frameworks */ = {isa = PBXBuildFile; fileRef = 132923331A3C1582000BA423 /* Bolts.framework */; };
		132923361A3C1582000BA423 /* Parse.framework in Frameworks */ = {isa = PBXBuildFile; fileRef = 132923341A3C1582000BA423 /* Parse.framework */; };
		132923381A3C15A3000BA423 /* AudioToolbox.framework in Frameworks */ = {isa = PBXBuildFile; fileRef = 132923371A3C15A3000BA423 /* AudioToolbox.framework */; };
		1329233A1A3C15A9000BA423 /* CFNetwork.framework in Frameworks */ = {isa = PBXBuildFile; fileRef = 132923391A3C15A9000BA423 /* CFNetwork.framework */; };
		1329233C1A3C15AD000BA423 /* CoreGraphics.framework in Frameworks */ = {isa = PBXBuildFile; fileRef = 1329233B1A3C15AD000BA423 /* CoreGraphics.framework */; };
		1329233E1A3C15B1000BA423 /* CoreLocation.framework in Frameworks */ = {isa = PBXBuildFile; fileRef = 1329233D1A3C15B1000BA423 /* CoreLocation.framework */; };
		132923401A3C15B6000BA423 /* MobileCoreServices.framework in Frameworks */ = {isa = PBXBuildFile; fileRef = 1329233F1A3C15B6000BA423 /* MobileCoreServices.framework */; };
		132923421A3C15BD000BA423 /* QuartzCore.framework in Frameworks */ = {isa = PBXBuildFile; fileRef = 132923411A3C15BD000BA423 /* QuartzCore.framework */; };
		132923441A3C15C1000BA423 /* Security.framework in Frameworks */ = {isa = PBXBuildFile; fileRef = 132923431A3C15C1000BA423 /* Security.framework */; };
		132923461A3C15C6000BA423 /* StoreKit.framework in Frameworks */ = {isa = PBXBuildFile; fileRef = 132923451A3C15C6000BA423 /* StoreKit.framework */; };
		132923481A3C15CA000BA423 /* SystemConfiguration.framework in Frameworks */ = {isa = PBXBuildFile; fileRef = 132923471A3C15CA000BA423 /* SystemConfiguration.framework */; };
		1329234A1A3C15D1000BA423 /* libz.dylib in Frameworks */ = {isa = PBXBuildFile; fileRef = 132923491A3C15D1000BA423 /* libz.dylib */; };
		1329234C1A3C15D7000BA423 /* libsqlite3.dylib in Frameworks */ = {isa = PBXBuildFile; fileRef = 1329234B1A3C15D7000BA423 /* libsqlite3.dylib */; };
		1329234E1A3C15ED000BA423 /* ParseFacebookUtils.framework in Frameworks */ = {isa = PBXBuildFile; fileRef = 1329234D1A3C15ED000BA423 /* ParseFacebookUtils.framework */; };
		132923531A3C1A24000BA423 /* FacebookSDK.framework in Frameworks */ = {isa = PBXBuildFile; fileRef = 132923521A3C1A24000BA423 /* FacebookSDK.framework */; };
		132923571A3C1F33000BA423 /* Crashlytics.framework in Frameworks */ = {isa = PBXBuildFile; fileRef = 132923551A3C1F33000BA423 /* Crashlytics.framework */; };
		132923581A3C1F33000BA423 /* Fabric.framework in Frameworks */ = {isa = PBXBuildFile; fileRef = 132923561A3C1F33000BA423 /* Fabric.framework */; };
		1329235B1A3C222F000BA423 /* LoginViewController.swift in Sources */ = {isa = PBXBuildFile; fileRef = 1329235A1A3C222F000BA423 /* LoginViewController.swift */; };
		133200511A4642C400713DD5 /* Game.swift in Sources */ = {isa = PBXBuildFile; fileRef = 133200501A4642C400713DD5 /* Game.swift */; };
		133200531A4642F500713DD5 /* Round.swift in Sources */ = {isa = PBXBuildFile; fileRef = 133200521A4642F500713DD5 /* Round.swift */; };
		133200551A464C6F00713DD5 /* MainViewController.swift in Sources */ = {isa = PBXBuildFile; fileRef = 133200541A464C6F00713DD5 /* MainViewController.swift */; };
		133200571A465A9200713DD5 /* NewGameViewController.swift in Sources */ = {isa = PBXBuildFile; fileRef = 133200561A465A9200713DD5 /* NewGameViewController.swift */; };
		1332005C1A4661D800713DD5 /* GameCell.swift in Sources */ = {isa = PBXBuildFile; fileRef = 1332005B1A4661D800713DD5 /* GameCell.swift */; };
/* End PBXBuildFile section */

/* Begin PBXContainerItemProxy section */
		132923231A3C0CDA000BA423 /* PBXContainerItemProxy */ = {
			isa = PBXContainerItemProxy;
			containerPortal = 132923051A3C0CDA000BA423 /* Project object */;
			proxyType = 1;
			remoteGlobalIDString = 1329230C1A3C0CDA000BA423;
			remoteInfo = Wavelength;
		};
/* End PBXContainerItemProxy section */

/* Begin PBXFileReference section */
		1329230D1A3C0CDA000BA423 /* Wavelength.app */ = {isa = PBXFileReference; explicitFileType = wrapper.application; includeInIndex = 0; path = Wavelength.app; sourceTree = BUILT_PRODUCTS_DIR; };
		132923111A3C0CDA000BA423 /* Info.plist */ = {isa = PBXFileReference; lastKnownFileType = text.plist.xml; path = Info.plist; sourceTree = "<group>"; };
		132923121A3C0CDA000BA423 /* AppDelegate.swift */ = {isa = PBXFileReference; lastKnownFileType = sourcecode.swift; path = AppDelegate.swift; sourceTree = "<group>"; };
		132923171A3C0CDA000BA423 /* Base */ = {isa = PBXFileReference; lastKnownFileType = file.storyboard; name = Base; path = Base.lproj/Main.storyboard; sourceTree = "<group>"; };
		132923191A3C0CDA000BA423 /* Images.xcassets */ = {isa = PBXFileReference; lastKnownFileType = folder.assetcatalog; path = Images.xcassets; sourceTree = "<group>"; };
		1329231C1A3C0CDA000BA423 /* Base */ = {isa = PBXFileReference; lastKnownFileType = file.xib; name = Base; path = Base.lproj/LaunchScreen.xib; sourceTree = "<group>"; };
		132923221A3C0CDA000BA423 /* WavelengthTests.xctest */ = {isa = PBXFileReference; explicitFileType = wrapper.cfbundle; includeInIndex = 0; path = WavelengthTests.xctest; sourceTree = BUILT_PRODUCTS_DIR; };
		132923271A3C0CDA000BA423 /* Info.plist */ = {isa = PBXFileReference; lastKnownFileType = text.plist.xml; path = Info.plist; sourceTree = "<group>"; };
		132923281A3C0CDA000BA423 /* WavelengthTests.swift */ = {isa = PBXFileReference; lastKnownFileType = sourcecode.swift; path = WavelengthTests.swift; sourceTree = "<group>"; };
		132923331A3C1582000BA423 /* Bolts.framework */ = {isa = PBXFileReference; lastKnownFileType = wrapper.framework; path = Bolts.framework; sourceTree = "<group>"; };
		132923341A3C1582000BA423 /* Parse.framework */ = {isa = PBXFileReference; lastKnownFileType = wrapper.framework; path = Parse.framework; sourceTree = "<group>"; };
		132923371A3C15A3000BA423 /* AudioToolbox.framework */ = {isa = PBXFileReference; lastKnownFileType = wrapper.framework; name = AudioToolbox.framework; path = System/Library/Frameworks/AudioToolbox.framework; sourceTree = SDKROOT; };
		132923391A3C15A9000BA423 /* CFNetwork.framework */ = {isa = PBXFileReference; lastKnownFileType = wrapper.framework; name = CFNetwork.framework; path = System/Library/Frameworks/CFNetwork.framework; sourceTree = SDKROOT; };
		1329233B1A3C15AD000BA423 /* CoreGraphics.framework */ = {isa = PBXFileReference; lastKnownFileType = wrapper.framework; name = CoreGraphics.framework; path = System/Library/Frameworks/CoreGraphics.framework; sourceTree = SDKROOT; };
		1329233D1A3C15B1000BA423 /* CoreLocation.framework */ = {isa = PBXFileReference; lastKnownFileType = wrapper.framework; name = CoreLocation.framework; path = System/Library/Frameworks/CoreLocation.framework; sourceTree = SDKROOT; };
		1329233F1A3C15B6000BA423 /* MobileCoreServices.framework */ = {isa = PBXFileReference; lastKnownFileType = wrapper.framework; name = MobileCoreServices.framework; path = System/Library/Frameworks/MobileCoreServices.framework; sourceTree = SDKROOT; };
		132923411A3C15BD000BA423 /* QuartzCore.framework */ = {isa = PBXFileReference; lastKnownFileType = wrapper.framework; name = QuartzCore.framework; path = System/Library/Frameworks/QuartzCore.framework; sourceTree = SDKROOT; };
		132923431A3C15C1000BA423 /* Security.framework */ = {isa = PBXFileReference; lastKnownFileType = wrapper.framework; name = Security.framework; path = System/Library/Frameworks/Security.framework; sourceTree = SDKROOT; };
		132923451A3C15C6000BA423 /* StoreKit.framework */ = {isa = PBXFileReference; lastKnownFileType = wrapper.framework; name = StoreKit.framework; path = System/Library/Frameworks/StoreKit.framework; sourceTree = SDKROOT; };
		132923471A3C15CA000BA423 /* SystemConfiguration.framework */ = {isa = PBXFileReference; lastKnownFileType = wrapper.framework; name = SystemConfiguration.framework; path = System/Library/Frameworks/SystemConfiguration.framework; sourceTree = SDKROOT; };
		132923491A3C15D1000BA423 /* libz.dylib */ = {isa = PBXFileReference; lastKnownFileType = "compiled.mach-o.dylib"; name = libz.dylib; path = usr/lib/libz.dylib; sourceTree = SDKROOT; };
		1329234B1A3C15D7000BA423 /* libsqlite3.dylib */ = {isa = PBXFileReference; lastKnownFileType = "compiled.mach-o.dylib"; name = libsqlite3.dylib; path = usr/lib/libsqlite3.dylib; sourceTree = SDKROOT; };
		1329234D1A3C15ED000BA423 /* ParseFacebookUtils.framework */ = {isa = PBXFileReference; lastKnownFileType = wrapper.framework; path = ParseFacebookUtils.framework; sourceTree = "<group>"; };
		1329234F1A3C168E000BA423 /* Wavelength-Bridging-Header.h */ = {isa = PBXFileReference; lastKnownFileType = sourcecode.c.h; path = "Wavelength-Bridging-Header.h"; sourceTree = "<group>"; };
		132923521A3C1A24000BA423 /* FacebookSDK.framework */ = {isa = PBXFileReference; lastKnownFileType = wrapper.framework; name = FacebookSDK.framework; path = ../../Documents/FacebookSDK/FacebookSDK.framework; sourceTree = "<group>"; };
		132923551A3C1F33000BA423 /* Crashlytics.framework */ = {isa = PBXFileReference; lastKnownFileType = wrapper.framework; path = Crashlytics.framework; sourceTree = "<group>"; };
		132923561A3C1F33000BA423 /* Fabric.framework */ = {isa = PBXFileReference; lastKnownFileType = wrapper.framework; path = Fabric.framework; sourceTree = "<group>"; };
		1329235A1A3C222F000BA423 /* LoginViewController.swift */ = {isa = PBXFileReference; fileEncoding = 4; lastKnownFileType = sourcecode.swift; path = LoginViewController.swift; sourceTree = "<group>"; };
		133200501A4642C400713DD5 /* Game.swift */ = {isa = PBXFileReference; fileEncoding = 4; lastKnownFileType = sourcecode.swift; path = Game.swift; sourceTree = "<group>"; };
		133200521A4642F500713DD5 /* Round.swift */ = {isa = PBXFileReference; fileEncoding = 4; lastKnownFileType = sourcecode.swift; path = Round.swift; sourceTree = "<group>"; };
		133200541A464C6F00713DD5 /* MainViewController.swift */ = {isa = PBXFileReference; fileEncoding = 4; lastKnownFileType = sourcecode.swift; path = MainViewController.swift; sourceTree = "<group>"; };
		133200561A465A9200713DD5 /* NewGameViewController.swift */ = {isa = PBXFileReference; fileEncoding = 4; lastKnownFileType = sourcecode.swift; path = NewGameViewController.swift; sourceTree = "<group>"; };
		1332005B1A4661D800713DD5 /* GameCell.swift */ = {isa = PBXFileReference; fileEncoding = 4; lastKnownFileType = sourcecode.swift; path = GameCell.swift; sourceTree = "<group>"; };
/* End PBXFileReference section */

/* Begin PBXFrameworksBuildPhase section */
		1329230A1A3C0CDA000BA423 /* Frameworks */ = {
			isa = PBXFrameworksBuildPhase;
			buildActionMask = 2147483647;
			files = (
				1329234E1A3C15ED000BA423 /* ParseFacebookUtils.framework in Frameworks */,
				1329234C1A3C15D7000BA423 /* libsqlite3.dylib in Frameworks */,
				1329234A1A3C15D1000BA423 /* libz.dylib in Frameworks */,
				132923481A3C15CA000BA423 /* SystemConfiguration.framework in Frameworks */,
				132923461A3C15C6000BA423 /* StoreKit.framework in Frameworks */,
				132923441A3C15C1000BA423 /* Security.framework in Frameworks */,
				132923421A3C15BD000BA423 /* QuartzCore.framework in Frameworks */,
				132923401A3C15B6000BA423 /* MobileCoreServices.framework in Frameworks */,
				1329233E1A3C15B1000BA423 /* CoreLocation.framework in Frameworks */,
				1329233C1A3C15AD000BA423 /* CoreGraphics.framework in Frameworks */,
				132923571A3C1F33000BA423 /* Crashlytics.framework in Frameworks */,
				1329233A1A3C15A9000BA423 /* CFNetwork.framework in Frameworks */,
				132923531A3C1A24000BA423 /* FacebookSDK.framework in Frameworks */,
				132923381A3C15A3000BA423 /* AudioToolbox.framework in Frameworks */,
				132923361A3C1582000BA423 /* Parse.framework in Frameworks */,
				132923581A3C1F33000BA423 /* Fabric.framework in Frameworks */,
				132923351A3C1582000BA423 /* Bolts.framework in Frameworks */,
			);
			runOnlyForDeploymentPostprocessing = 0;
		};
		1329231F1A3C0CDA000BA423 /* Frameworks */ = {
			isa = PBXFrameworksBuildPhase;
			buildActionMask = 2147483647;
			files = (
			);
			runOnlyForDeploymentPostprocessing = 0;
		};
/* End PBXFrameworksBuildPhase section */

/* Begin PBXGroup section */
		132923041A3C0CDA000BA423 = {
			isa = PBXGroup;
			children = (
				1329230F1A3C0CDA000BA423 /* Wavelength */,
				132923251A3C0CDA000BA423 /* WavelengthTests */,
				132923321A3C14C1000BA423 /* Frameworks */,
				1329230E1A3C0CDA000BA423 /* Products */,
			);
			sourceTree = "<group>";
		};
		1329230E1A3C0CDA000BA423 /* Products */ = {
			isa = PBXGroup;
			children = (
				1329230D1A3C0CDA000BA423 /* Wavelength.app */,
				132923221A3C0CDA000BA423 /* WavelengthTests.xctest */,
			);
			name = Products;
			sourceTree = "<group>";
		};
		1329230F1A3C0CDA000BA423 /* Wavelength */ = {
			isa = PBXGroup;
			children = (
				133200581A465FD500713DD5 /* Views */,
				1332004F1A4642AF00713DD5 /* Models */,
				132923591A3C2219000BA423 /* View Controllers */,
				132923121A3C0CDA000BA423 /* AppDelegate.swift */,
				132923161A3C0CDA000BA423 /* Main.storyboard */,
				132923191A3C0CDA000BA423 /* Images.xcassets */,
				1329231B1A3C0CDA000BA423 /* LaunchScreen.xib */,
				132923101A3C0CDA000BA423 /* Supporting Files */,
				1329234F1A3C168E000BA423 /* Wavelength-Bridging-Header.h */,
			);
			path = Wavelength;
			sourceTree = "<group>";
		};
		132923101A3C0CDA000BA423 /* Supporting Files */ = {
			isa = PBXGroup;
			children = (
				132923111A3C0CDA000BA423 /* Info.plist */,
			);
			name = "Supporting Files";
			sourceTree = "<group>";
		};
		132923251A3C0CDA000BA423 /* WavelengthTests */ = {
			isa = PBXGroup;
			children = (
				132923281A3C0CDA000BA423 /* WavelengthTests.swift */,
				132923261A3C0CDA000BA423 /* Supporting Files */,
			);
			path = WavelengthTests;
			sourceTree = "<group>";
		};
		132923261A3C0CDA000BA423 /* Supporting Files */ = {
			isa = PBXGroup;
			children = (
				132923271A3C0CDA000BA423 /* Info.plist */,
			);
			name = "Supporting Files";
			sourceTree = "<group>";
		};
		132923321A3C14C1000BA423 /* Frameworks */ = {
			isa = PBXGroup;
			children = (
				132923551A3C1F33000BA423 /* Crashlytics.framework */,
				132923561A3C1F33000BA423 /* Fabric.framework */,
				132923521A3C1A24000BA423 /* FacebookSDK.framework */,
				1329234D1A3C15ED000BA423 /* ParseFacebookUtils.framework */,
				1329234B1A3C15D7000BA423 /* libsqlite3.dylib */,
				132923491A3C15D1000BA423 /* libz.dylib */,
				132923471A3C15CA000BA423 /* SystemConfiguration.framework */,
				132923451A3C15C6000BA423 /* StoreKit.framework */,
				132923431A3C15C1000BA423 /* Security.framework */,
				132923411A3C15BD000BA423 /* QuartzCore.framework */,
				1329233F1A3C15B6000BA423 /* MobileCoreServices.framework */,
				1329233D1A3C15B1000BA423 /* CoreLocation.framework */,
				1329233B1A3C15AD000BA423 /* CoreGraphics.framework */,
				132923391A3C15A9000BA423 /* CFNetwork.framework */,
				132923371A3C15A3000BA423 /* AudioToolbox.framework */,
				132923331A3C1582000BA423 /* Bolts.framework */,
				132923341A3C1582000BA423 /* Parse.framework */,
			);
			name = Frameworks;
			sourceTree = "<group>";
		};
		132923591A3C2219000BA423 /* View Controllers */ = {
			isa = PBXGroup;
			children = (
				1329235A1A3C222F000BA423 /* LoginViewController.swift */,
				133200541A464C6F00713DD5 /* MainViewController.swift */,
				133200561A465A9200713DD5 /* NewGameViewController.swift */,
			);
			name = "View Controllers";
			sourceTree = "<group>";
		};
		1332004F1A4642AF00713DD5 /* Models */ = {
			isa = PBXGroup;
			children = (
				133200501A4642C400713DD5 /* Game.swift */,
				133200521A4642F500713DD5 /* Round.swift */,
			);
			name = Models;
			sourceTree = "<group>";
		};
		133200581A465FD500713DD5 /* Views */ = {
			isa = PBXGroup;
			children = (
				1332005B1A4661D800713DD5 /* GameCell.swift */,
			);
			name = Views;
			sourceTree = "<group>";
		};
/* End PBXGroup section */

/* Begin PBXNativeTarget section */
		1329230C1A3C0CDA000BA423 /* Wavelength */ = {
			isa = PBXNativeTarget;
			buildConfigurationList = 1329232C1A3C0CDA000BA423 /* Build configuration list for PBXNativeTarget "Wavelength" */;
			buildPhases = (
				132923091A3C0CDA000BA423 /* Sources */,
				1329230A1A3C0CDA000BA423 /* Frameworks */,
				1329230B1A3C0CDA000BA423 /* Resources */,
				132923541A3C1EFC000BA423 /* ShellScript */,
			);
			buildRules = (
			);
			dependencies = (
			);
			name = Wavelength;
			productName = Wavelength;
			productReference = 1329230D1A3C0CDA000BA423 /* Wavelength.app */;
			productType = "com.apple.product-type.application";
		};
		132923211A3C0CDA000BA423 /* WavelengthTests */ = {
			isa = PBXNativeTarget;
			buildConfigurationList = 1329232F1A3C0CDA000BA423 /* Build configuration list for PBXNativeTarget "WavelengthTests" */;
			buildPhases = (
				1329231E1A3C0CDA000BA423 /* Sources */,
				1329231F1A3C0CDA000BA423 /* Frameworks */,
				132923201A3C0CDA000BA423 /* Resources */,
			);
			buildRules = (
			);
			dependencies = (
				132923241A3C0CDA000BA423 /* PBXTargetDependency */,
			);
			name = WavelengthTests;
			productName = WavelengthTests;
			productReference = 132923221A3C0CDA000BA423 /* WavelengthTests.xctest */;
			productType = "com.apple.product-type.bundle.unit-test";
		};
/* End PBXNativeTarget section */

/* Begin PBXProject section */
		132923051A3C0CDA000BA423 /* Project object */ = {
			isa = PBXProject;
			attributes = {
				LastUpgradeCheck = 0610;
				ORGANIZATIONNAME = jeev;
				TargetAttributes = {
					1329230C1A3C0CDA000BA423 = {
						CreatedOnToolsVersion = 6.1.1;
					};
					132923211A3C0CDA000BA423 = {
						CreatedOnToolsVersion = 6.1.1;
						TestTargetID = 1329230C1A3C0CDA000BA423;
					};
				};
			};
			buildConfigurationList = 132923081A3C0CDA000BA423 /* Build configuration list for PBXProject "Wavelength" */;
			compatibilityVersion = "Xcode 3.2";
			developmentRegion = English;
			hasScannedForEncodings = 0;
			knownRegions = (
				en,
				Base,
			);
			mainGroup = 132923041A3C0CDA000BA423;
			productRefGroup = 1329230E1A3C0CDA000BA423 /* Products */;
			projectDirPath = "";
			projectRoot = "";
			targets = (
				1329230C1A3C0CDA000BA423 /* Wavelength */,
				132923211A3C0CDA000BA423 /* WavelengthTests */,
			);
		};
/* End PBXProject section */

/* Begin PBXResourcesBuildPhase section */
		1329230B1A3C0CDA000BA423 /* Resources */ = {
			isa = PBXResourcesBuildPhase;
			buildActionMask = 2147483647;
			files = (
				132923181A3C0CDA000BA423 /* Main.storyboard in Resources */,
				1329231D1A3C0CDA000BA423 /* LaunchScreen.xib in Resources */,
				1329231A1A3C0CDA000BA423 /* Images.xcassets in Resources */,
			);
			runOnlyForDeploymentPostprocessing = 0;
		};
		132923201A3C0CDA000BA423 /* Resources */ = {
			isa = PBXResourcesBuildPhase;
			buildActionMask = 2147483647;
			files = (
			);
			runOnlyForDeploymentPostprocessing = 0;
		};
/* End PBXResourcesBuildPhase section */

/* Begin PBXShellScriptBuildPhase section */
		132923541A3C1EFC000BA423 /* ShellScript */ = {
			isa = PBXShellScriptBuildPhase;
			buildActionMask = 2147483647;
			files = (
			);
			inputPaths = (
			);
			outputPaths = (
			);
			runOnlyForDeploymentPostprocessing = 0;
			shellPath = /bin/sh;
			shellScript = "./Fabric.framework/run ec9af2c54f8a85adfc14ae81b313d8919dda2c2d e148f6d1095b84d27440232153cfeb27374fef4972cab13c6fcb1d5e464306b4";
		};
/* End PBXShellScriptBuildPhase section */

/* Begin PBXSourcesBuildPhase section */
		132923091A3C0CDA000BA423 /* Sources */ = {
			isa = PBXSourcesBuildPhase;
			buildActionMask = 2147483647;
			files = (
				1329235B1A3C222F000BA423 /* LoginViewController.swift in Sources */,
				133200511A4642C400713DD5 /* Game.swift in Sources */,
				133200531A4642F500713DD5 /* Round.swift in Sources */,
				132923131A3C0CDA000BA423 /* AppDelegate.swift in Sources */,
				133200551A464C6F00713DD5 /* MainViewController.swift in Sources */,
				133200571A465A9200713DD5 /* NewGameViewController.swift in Sources */,
				1332005C1A4661D800713DD5 /* GameCell.swift in Sources */,
			);
			runOnlyForDeploymentPostprocessing = 0;
		};
		1329231E1A3C0CDA000BA423 /* Sources */ = {
			isa = PBXSourcesBuildPhase;
			buildActionMask = 2147483647;
			files = (
				132923291A3C0CDA000BA423 /* WavelengthTests.swift in Sources */,
			);
			runOnlyForDeploymentPostprocessing = 0;
		};
/* End PBXSourcesBuildPhase section */

/* Begin PBXTargetDependency section */
		132923241A3C0CDA000BA423 /* PBXTargetDependency */ = {
			isa = PBXTargetDependency;
			target = 1329230C1A3C0CDA000BA423 /* Wavelength */;
			targetProxy = 132923231A3C0CDA000BA423 /* PBXContainerItemProxy */;
		};
/* End PBXTargetDependency section */

/* Begin PBXVariantGroup section */
		132923161A3C0CDA000BA423 /* Main.storyboard */ = {
			isa = PBXVariantGroup;
			children = (
				132923171A3C0CDA000BA423 /* Base */,
			);
			name = Main.storyboard;
			sourceTree = "<group>";
		};
		1329231B1A3C0CDA000BA423 /* LaunchScreen.xib */ = {
			isa = PBXVariantGroup;
			children = (
				1329231C1A3C0CDA000BA423 /* Base */,
			);
			name = LaunchScreen.xib;
			sourceTree = "<group>";
		};
/* End PBXVariantGroup section */

/* Begin XCBuildConfiguration section */
		1329232A1A3C0CDA000BA423 /* Debug */ = {
			isa = XCBuildConfiguration;
			buildSettings = {
				ALWAYS_SEARCH_USER_PATHS = NO;
				CLANG_CXX_LANGUAGE_STANDARD = "gnu++0x";
				CLANG_CXX_LIBRARY = "libc++";
				CLANG_ENABLE_MODULES = YES;
				CLANG_ENABLE_OBJC_ARC = YES;
				CLANG_WARN_BOOL_CONVERSION = YES;
				CLANG_WARN_CONSTANT_CONVERSION = YES;
				CLANG_WARN_DIRECT_OBJC_ISA_USAGE = YES_ERROR;
				CLANG_WARN_EMPTY_BODY = YES;
				CLANG_WARN_ENUM_CONVERSION = YES;
				CLANG_WARN_INT_CONVERSION = YES;
				CLANG_WARN_OBJC_ROOT_CLASS = YES_ERROR;
				CLANG_WARN_UNREACHABLE_CODE = YES;
				CLANG_WARN__DUPLICATE_METHOD_MATCH = YES;
				"CODE_SIGN_IDENTITY[sdk=iphoneos*]" = "iPhone Developer";
				COPY_PHASE_STRIP = NO;
				ENABLE_STRICT_OBJC_MSGSEND = YES;
				GCC_C_LANGUAGE_STANDARD = gnu99;
				GCC_DYNAMIC_NO_PIC = NO;
				GCC_OPTIMIZATION_LEVEL = 0;
				GCC_PREPROCESSOR_DEFINITIONS = (
					"DEBUG=1",
					"$(inherited)",
				);
				GCC_SYMBOLS_PRIVATE_EXTERN = NO;
				GCC_WARN_64_TO_32_BIT_CONVERSION = YES;
				GCC_WARN_ABOUT_RETURN_TYPE = YES_ERROR;
				GCC_WARN_UNDECLARED_SELECTOR = YES;
				GCC_WARN_UNINITIALIZED_AUTOS = YES_AGGRESSIVE;
				GCC_WARN_UNUSED_FUNCTION = YES;
				GCC_WARN_UNUSED_VARIABLE = YES;
				IPHONEOS_DEPLOYMENT_TARGET = 8.1;
				MTL_ENABLE_DEBUG_INFO = YES;
				ONLY_ACTIVE_ARCH = YES;
				SDKROOT = iphoneos;
				SWIFT_OPTIMIZATION_LEVEL = "-Onone";
			};
			name = Debug;
		};
		1329232B1A3C0CDA000BA423 /* Release */ = {
			isa = XCBuildConfiguration;
			buildSettings = {
				ALWAYS_SEARCH_USER_PATHS = NO;
				CLANG_CXX_LANGUAGE_STANDARD = "gnu++0x";
				CLANG_CXX_LIBRARY = "libc++";
				CLANG_ENABLE_MODULES = YES;
				CLANG_ENABLE_OBJC_ARC = YES;
				CLANG_WARN_BOOL_CONVERSION = YES;
				CLANG_WARN_CONSTANT_CONVERSION = YES;
				CLANG_WARN_DIRECT_OBJC_ISA_USAGE = YES_ERROR;
				CLANG_WARN_EMPTY_BODY = YES;
				CLANG_WARN_ENUM_CONVERSION = YES;
				CLANG_WARN_INT_CONVERSION = YES;
				CLANG_WARN_OBJC_ROOT_CLASS = YES_ERROR;
				CLANG_WARN_UNREACHABLE_CODE = YES;
				CLANG_WARN__DUPLICATE_METHOD_MATCH = YES;
				"CODE_SIGN_IDENTITY[sdk=iphoneos*]" = "iPhone Developer";
				COPY_PHASE_STRIP = YES;
				ENABLE_NS_ASSERTIONS = NO;
				ENABLE_STRICT_OBJC_MSGSEND = YES;
				GCC_C_LANGUAGE_STANDARD = gnu99;
				GCC_WARN_64_TO_32_BIT_CONVERSION = YES;
				GCC_WARN_ABOUT_RETURN_TYPE = YES_ERROR;
				GCC_WARN_UNDECLARED_SELECTOR = YES;
				GCC_WARN_UNINITIALIZED_AUTOS = YES_AGGRESSIVE;
				GCC_WARN_UNUSED_FUNCTION = YES;
				GCC_WARN_UNUSED_VARIABLE = YES;
				IPHONEOS_DEPLOYMENT_TARGET = 8.1;
				MTL_ENABLE_DEBUG_INFO = NO;
				SDKROOT = iphoneos;
				VALIDATE_PRODUCT = YES;
			};
			name = Release;
		};
		1329232D1A3C0CDA000BA423 /* Debug */ = {
			isa = XCBuildConfiguration;
			buildSettings = {
				ASSETCATALOG_COMPILER_APPICON_NAME = AppIcon;
				CLANG_ENABLE_MODULES = YES;
				FRAMEWORK_SEARCH_PATHS = (
					"$(inherited)",
					"$(PROJECT_DIR)",
					/Users/jeev/Documents/FacebookSDK,
				);
				INFOPLIST_FILE = Wavelength/Info.plist;
				LD_RUNPATH_SEARCH_PATHS = "$(inherited) @executable_path/Frameworks";
				PRODUCT_NAME = "$(TARGET_NAME)";
				SWIFT_OBJC_BRIDGING_HEADER = "Wavelength/Wavelength-Bridging-Header.h";
				SWIFT_OPTIMIZATION_LEVEL = "-Onone";
			};
			name = Debug;
		};
		1329232E1A3C0CDA000BA423 /* Release */ = {
			isa = XCBuildConfiguration;
			buildSettings = {
				ASSETCATALOG_COMPILER_APPICON_NAME = AppIcon;
				CLANG_ENABLE_MODULES = YES;
				FRAMEWORK_SEARCH_PATHS = (
					"$(inherited)",
					"$(PROJECT_DIR)",
					/Users/jeev/Documents/FacebookSDK,
				);
				INFOPLIST_FILE = Wavelength/Info.plist;
				LD_RUNPATH_SEARCH_PATHS = "$(inherited) @executable_path/Frameworks";
				PRODUCT_NAME = "$(TARGET_NAME)";
				SWIFT_OBJC_BRIDGING_HEADER = "Wavelength/Wavelength-Bridging-Header.h";
			};
			name = Release;
		};
		132923301A3C0CDA000BA423 /* Debug */ = {
			isa = XCBuildConfiguration;
			buildSettings = {
				BUNDLE_LOADER = "$(TEST_HOST)";
				FRAMEWORK_SEARCH_PATHS = (
					"$(SDKROOT)/Developer/Library/Frameworks",
					"$(inherited)",
				);
				GCC_PREPROCESSOR_DEFINITIONS = (
					"DEBUG=1",
					"$(inherited)",
				);
				INFOPLIST_FILE = WavelengthTests/Info.plist;
				LD_RUNPATH_SEARCH_PATHS = "$(inherited) @executable_path/Frameworks @loader_path/Frameworks";
				PRODUCT_NAME = "$(TARGET_NAME)";
				TEST_HOST = "$(BUILT_PRODUCTS_DIR)/Wavelength.app/Wavelength";
			};
			name = Debug;
		};
		132923311A3C0CDA000BA423 /* Release */ = {
			isa = XCBuildConfiguration;
			buildSettings = {
				BUNDLE_LOADER = "$(TEST_HOST)";
				FRAMEWORK_SEARCH_PATHS = (
					"$(SDKROOT)/Developer/Library/Frameworks",
					"$(inherited)",
				);
				INFOPLIST_FILE = WavelengthTests/Info.plist;
				LD_RUNPATH_SEARCH_PATHS = "$(inherited) @executable_path/Frameworks @loader_path/Frameworks";
				PRODUCT_NAME = "$(TARGET_NAME)";
				TEST_HOST = "$(BUILT_PRODUCTS_DIR)/Wavelength.app/Wavelength";
			};
			name = Release;
		};
/* End XCBuildConfiguration section */

/* Begin XCConfigurationList section */
		132923081A3C0CDA000BA423 /* Build configuration list for PBXProject "Wavelength" */ = {
			isa = XCConfigurationList;
			buildConfigurations = (
				1329232A1A3C0CDA000BA423 /* Debug */,
				1329232B1A3C0CDA000BA423 /* Release */,
			);
			defaultConfigurationIsVisible = 0;
			defaultConfigurationName = Release;
		};
		1329232C1A3C0CDA000BA423 /* Build configuration list for PBXNativeTarget "Wavelength" */ = {
			isa = XCConfigurationList;
			buildConfigurations = (
				1329232D1A3C0CDA000BA423 /* Debug */,
				1329232E1A3C0CDA000BA423 /* Release */,
			);
			defaultConfigurationIsVisible = 0;
			defaultConfigurationName = Release;
		};
		1329232F1A3C0CDA000BA423 /* Build configuration list for PBXNativeTarget "WavelengthTests" */ = {
			isa = XCConfigurationList;
			buildConfigurations = (
				132923301A3C0CDA000BA423 /* Debug */,
				132923311A3C0CDA000BA423 /* Release */,
			);
			defaultConfigurationIsVisible = 0;
			defaultConfigurationName = Release;
		};
/* End XCConfigurationList section */
	};
	rootObject = 132923051A3C0CDA000BA423 /* Project object */;
}
